
Microsoft Visual Studio Solution File, Format Version 12.00
Project("{FAE04EC0-301F-11D3-BF4B-00C04F79EFBC}") = "Task1", "Task1\Task1.csproj", "{D0083D4D-28D6-438D-A4BD-04917D0FC77F}"
EndProject
Project("{FAE04EC0-301F-11D3-BF4B-00C04F79EFBC}") = "LeetCode1", "LeetCode1\LeetCode1.csproj", "{38E465BC-9B06-4120-8060-02C10053AF7D}"
EndProject
Project("{FAE04EC0-301F-11D3-BF4B-00C04F79EFBC}") = "LeetCode2", "LeetCode2\LeetCode2.csproj", "{7983F3A9-19A2-4163-BC40-8627D7E6A260}"
EndProject
Project("{FAE04EC0-301F-11D3-BF4B-00C04F79EFBC}") = "LeetCode3", "LeetCode3\LeetCode3.csproj", "{A6720567-8869-4C66-B4E3-B868D936B52D}"
EndProject
Project("{FAE04EC0-301F-11D3-BF4B-00C04F79EFBC}") = "LeetCode4", "LeetCode4\LeetCode4.csproj", "{B8C0033C-403B-4A55-A82A-B5148B41149B}"
EndProject
Project("{FAE04EC0-301F-11D3-BF4B-00C04F79EFBC}") = "LaforeChapter2", "LaforeChapter2\LaforeChapter2.csproj", "{D2932193-7D82-4CB6-ADB6-31D12E0C59E2}"
EndProject
Project("{FAE04EC0-301F-11D3-BF4B-00C04F79EFBC}") = "LaforeChapter3", "LaforeChapter3\LaforeChapter3.csproj", "{6F8A0148-CBDF-4E38-A83D-7D1C53F0972F}"
EndProject
Project("{2150E333-8FDC-42A3-9474-1A3956D46DE8}") = "Core", "Core", "{9577EE1B-D407-4BD1-8AF1-56E45CD2CA43}"
EndProject
Project("{FAE04EC0-301F-11D3-BF4B-00C04F79EFBC}") = "Core", "Core\Core.csproj", "{D7DBC4F7-5416-4FE7-8497-7DBFB2E178A3}"
EndProject
Global
	GlobalSection(SolutionConfigurationPlatforms) = preSolution
		Debug|Any CPU = Debug|Any CPU
		Release|Any CPU = Release|Any CPU
	EndGlobalSection
	GlobalSection(ProjectConfigurationPlatforms) = postSolution
		{D0083D4D-28D6-438D-A4BD-04917D0FC77F}.Debug|Any CPU.ActiveCfg = Debug|Any CPU
		{D0083D4D-28D6-438D-A4BD-04917D0FC77F}.Debug|Any CPU.Build.0 = Debug|Any CPU
		{D0083D4D-28D6-438D-A4BD-04917D0FC77F}.Release|Any CPU.ActiveCfg = Release|Any CPU
		{D0083D4D-28D6-438D-A4BD-04917D0FC77F}.Release|Any CPU.Build.0 = Release|Any CPU
		{38E465BC-9B06-4120-8060-02C10053AF7D}.Debug|Any CPU.ActiveCfg = Debug|Any CPU
		{38E465BC-9B06-4120-8060-02C10053AF7D}.Debug|Any CPU.Build.0 = Debug|Any CPU
		{38E465BC-9B06-4120-8060-02C10053AF7D}.Release|Any CPU.ActiveCfg = Release|Any CPU
		{38E465BC-9B06-4120-8060-02C10053AF7D}.Release|Any CPU.Build.0 = Release|Any CPU
		{7983F3A9-19A2-4163-BC40-8627D7E6A260}.Debug|Any CPU.ActiveCfg = Debug|Any CPU
		{7983F3A9-19A2-4163-BC40-8627D7E6A260}.Debug|Any CPU.Build.0 = Debug|Any CPU
		{7983F3A9-19A2-4163-BC40-8627D7E6A260}.Release|Any CPU.ActiveCfg = Release|Any CPU
		{7983F3A9-19A2-4163-BC40-8627D7E6A260}.Release|Any CPU.Build.0 = Release|Any CPU
		{A6720567-8869-4C66-B4E3-B868D936B52D}.Debug|Any CPU.ActiveCfg = Debug|Any CPU
		{A6720567-8869-4C66-B4E3-B868D936B52D}.Debug|Any CPU.Build.0 = Debug|Any CPU
		{A6720567-8869-4C66-B4E3-B868D936B52D}.Release|Any CPU.ActiveCfg = Release|Any CPU
		{A6720567-8869-4C66-B4E3-B868D936B52D}.Release|Any CPU.Build.0 = Release|Any CPU
		{B8C0033C-403B-4A55-A82A-B5148B41149B}.Debug|Any CPU.ActiveCfg = Debug|Any CPU
		{B8C0033C-403B-4A55-A82A-B5148B41149B}.Debug|Any CPU.Build.0 = Debug|Any CPU
		{B8C0033C-403B-4A55-A82A-B5148B41149B}.Release|Any CPU.ActiveCfg = Release|Any CPU
		{B8C0033C-403B-4A55-A82A-B5148B41149B}.Release|Any CPU.Build.0 = Release|Any CPU
		{D2932193-7D82-4CB6-ADB6-31D12E0C59E2}.Debug|Any CPU.ActiveCfg = Debug|Any CPU
		{D2932193-7D82-4CB6-ADB6-31D12E0C59E2}.Debug|Any CPU.Build.0 = Debug|Any CPU
		{D2932193-7D82-4CB6-ADB6-31D12E0C59E2}.Release|Any CPU.ActiveCfg = Release|Any CPU
		{D2932193-7D82-4CB6-ADB6-31D12E0C59E2}.Release|Any CPU.Build.0 = Release|Any CPU
		{6F8A0148-CBDF-4E38-A83D-7D1C53F0972F}.Debug|Any CPU.ActiveCfg = Debug|Any CPU
		{6F8A0148-CBDF-4E38-A83D-7D1C53F0972F}.Debug|Any CPU.Build.0 = Debug|Any CPU
		{6F8A0148-CBDF-4E38-A83D-7D1C53F0972F}.Release|Any CPU.ActiveCfg = Release|Any CPU
		{6F8A0148-CBDF-4E38-A83D-7D1C53F0972F}.Release|Any CPU.Build.0 = Release|Any CPU
		{D7DBC4F7-5416-4FE7-8497-7DBFB2E178A3}.Debug|Any CPU.ActiveCfg = Debug|Any CPU
		{D7DBC4F7-5416-4FE7-8497-7DBFB2E178A3}.Debug|Any CPU.Build.0 = Debug|Any CPU
		{D7DBC4F7-5416-4FE7-8497-7DBFB2E178A3}.Release|Any CPU.ActiveCfg = Release|Any CPU
		{D7DBC4F7-5416-4FE7-8497-7DBFB2E178A3}.Release|Any CPU.Build.0 = Release|Any CPU
	EndGlobalSection
EndGlobal
